
Microsoft Visual Studio Solution File, Format Version 12.00
# Visual Studio Version 16
VisualStudioVersion = 16.0.32428.217
MinimumVisualStudioVersion = 10.0.40219.1
Project("{FAE04EC0-301F-11D3-BF4B-00C04F79EFBC}") = "day28_01", "day28_01\day28_01.csproj", "{27F8B2A3-FEF6-420D-96D9-B76F8F404F41}"
EndProject
Global
	GlobalSection(SolutionConfigurationPlatforms) = preSolution
		Debug|Any CPU = Debug|Any CPU
		Release|Any CPU = Release|Any CPU
	EndGlobalSection
	GlobalSection(ProjectConfigurationPlatforms) = postSolution
		{27F8B2A3-FEF6-420D-96D9-B76F8F404F41}.Debug|Any CPU.ActiveCfg = Debug|Any CPU
		{27F8B2A3-FEF6-420D-96D9-B76F8F404F41}.Debug|Any CPU.Build.0 = Debug|Any CPU
		{27F8B2A3-FEF6-420D-96D9-B76F8F404F41}.Release|Any CPU.ActiveCfg = Release|Any CPU
		{27F8B2A3-FEF6-420D-96D9-B76F8F404F41}.Release|Any CPU.Build.0 = Release|Any CPU
	EndGlobalSection
	GlobalSection(SolutionProperties) = preSolution
		HideSolutionNode = FALSE
	EndGlobalSection
	GlobalSection(ExtensibilityGlobals) = postSolution
		SolutionGuid = {3F5F428B-39D6-4E45-BE0D-FA1A0192DC2E}
	EndGlobalSection
EndGlobal
